
Microsoft Visual Studio Solution File, Format Version 12.00
# Visual Studio Version 16
VisualStudioVersion = 16.0.30611.23
MinimumVisualStudioVersion = 10.0.40219.1
Project("{00D1A9C2-B5F0-4AF3-8072-F6C62B433612}") = "MemoryPuzzle.Database", "MemoryPuzzle.Database.sqlproj", "{FBBBEB91-4540-481D-B3D5-DD79EA2918B8}"
EndProject
Global
	GlobalSection(SolutionConfigurationPlatforms) = preSolution
		Debug|Any CPU = Debug|Any CPU
		Release|Any CPU = Release|Any CPU
	EndGlobalSection
	GlobalSection(ProjectConfigurationPlatforms) = postSolution
		{FBBBEB91-4540-481D-B3D5-DD79EA2918B8}.Debug|Any CPU.ActiveCfg = Debug|Any CPU
		{FBBBEB91-4540-481D-B3D5-DD79EA2918B8}.Debug|Any CPU.Build.0 = Debug|Any CPU
		{FBBBEB91-4540-481D-B3D5-DD79EA2918B8}.Debug|Any CPU.Deploy.0 = Debug|Any CPU
		{FBBBEB91-4540-481D-B3D5-DD79EA2918B8}.Release|Any CPU.ActiveCfg = Release|Any CPU
		{FBBBEB91-4540-481D-B3D5-DD79EA2918B8}.Release|Any CPU.Build.0 = Release|Any CPU
		{FBBBEB91-4540-481D-B3D5-DD79EA2918B8}.Release|Any CPU.Deploy.0 = Release|Any CPU
	EndGlobalSection
	GlobalSection(SolutionProperties) = preSolution
		HideSolutionNode = FALSE
	EndGlobalSection
	GlobalSection(ExtensibilityGlobals) = postSolution
		SolutionGuid = {4B1B84ED-92D4-4A05-BBBD-6E51D248D6C7}
	EndGlobalSection
EndGlobal
